{
  "name": "DataSubmissionServiceAPI",
  "lockfileVersion": 2,
  "requires": true,
  "packages": {
    "": {
      "name": "DataSubmissionServiceAPI",
      "dependencies": {
        "accessible-autocomplete": "^1.6.2",
        "codemirror": "^5.65.0",
        "govuk-frontend": "^3.14.0"
      }
    },
    "node_modules/accessible-autocomplete": {
      "version": "1.6.2",
      "resolved": "https://registry.npmjs.org/accessible-autocomplete/-/accessible-autocomplete-1.6.2.tgz",
      "integrity": "sha512-7S+6Vi82LQFSSd5feKedu46tiY2/DShpdXiRp0NY3cLwc+DKe1ayWd66mb3JVi8LTQubRM7jco+u92e6w0bbvg==",
      "dependencies": {
        "preact": "^8.3.1"
      }
    },
    "node_modules/codemirror": {
      "version": "5.65.0",
      "resolved": "https://registry.npmjs.org/codemirror/-/codemirror-5.65.0.tgz",
      "integrity": "sha512-gWEnHKEcz1Hyz7fsQWpK7P0sPI2/kSkRX2tc7DFA6TmZuDN75x/1ejnH/Pn8adYKrLEA1V2ww6L00GudHZbSKw=="
    },
    "node_modules/govuk-frontend": {
      "version": "3.14.0",
      "resolved": "https://registry.npmjs.org/govuk-frontend/-/govuk-frontend-3.14.0.tgz",
      "integrity": "sha512-y7FTuihCSA8Hty+e9h0uPhCoNanCAN+CLioNFlPmlbeHXpbi09VMyxTcH+XfnMPY4Cp++7096v0rLwwdapTXnA==",
      "engines": {
        "node": ">= 4.2.0"
      }
    },
    "node_modules/preact": {
      "version": "8.3.1",
      "resolved": "https://registry.npmjs.org/preact/-/preact-8.3.1.tgz",
      "integrity": "sha512-s8H1Y8O9e+mOBo3UP1jvWqArPmjCba2lrrGLlq/0kN1XuIINUbYtf97iiXKxCuG3eYwmppPKnyW2DBrNj/TuTg==",
      "hasInstallScript": true
    }
  },
  "dependencies": {
    "accessible-autocomplete": {
      "version": "1.6.2",
      "resolved": "https://registry.npmjs.org/accessible-autocomplete/-/accessible-autocomplete-1.6.2.tgz",
      "integrity": "sha512-7S+6Vi82LQFSSd5feKedu46tiY2/DShpdXiRp0NY3cLwc+DKe1ayWd66mb3JVi8LTQubRM7jco+u92e6w0bbvg==",
      "requires": {
        "preact": "^8.3.1"
      }
    },
    "codemirror": {
      "version": "5.65.0",
      "resolved": "https://registry.npmjs.org/codemirror/-/codemirror-5.65.0.tgz",
      "integrity": "sha512-gWEnHKEcz1Hyz7fsQWpK7P0sPI2/kSkRX2tc7DFA6TmZuDN75x/1ejnH/Pn8adYKrLEA1V2ww6L00GudHZbSKw=="
    },
    "govuk-frontend": {
      "version": "3.14.0",
      "resolved": "https://registry.npmjs.org/govuk-frontend/-/govuk-frontend-3.14.0.tgz",
      "integrity": "sha512-y7FTuihCSA8Hty+e9h0uPhCoNanCAN+CLioNFlPmlbeHXpbi09VMyxTcH+XfnMPY4Cp++7096v0rLwwdapTXnA=="
    },
    "preact": {
      "version": "8.3.1",
      "resolved": "https://registry.npmjs.org/preact/-/preact-8.3.1.tgz",
      "integrity": "sha512-s8H1Y8O9e+mOBo3UP1jvWqArPmjCba2lrrGLlq/0kN1XuIINUbYtf97iiXKxCuG3eYwmppPKnyW2DBrNj/TuTg=="
    }
  }
}
