# THIS IS AN AUTOGENERATED FILE. DO NOT EDIT THIS FILE DIRECTLY.
# yarn lockfile v1


accessible-autocomplete@^1.6.2:
  version "1.6.2"
  resolved "https://registry.npmjs.org/accessible-autocomplete/-/accessible-autocomplete-1.6.2.tgz"
  integrity sha512-7S+6Vi82LQFSSd5feKedu46tiY2/DShpdXiRp0NY3cLwc+DKe1ayWd66mb3JVi8LTQubRM7jco+u92e6w0bbvg==
  dependencies:
    preact "^8.3.1"

codemirror@^5.65.17:
  version "5.65.19"
  resolved "https://registry.yarnpkg.com/codemirror/-/codemirror-5.65.19.tgz#71016c701d6a4b6e1982b0f6e7186be65e49653d"
  integrity sha512-+aFkvqhaAVr1gferNMuN8vkTSrWIFvzlMV9I2KBLCWS2WpZ2+UAkZjlMZmEuT+gcXTi6RrGQCkWq1/bDtGqhIA==

govuk-frontend@^3.15.0:
  version "3.15.0"
  resolved "https://registry.yarnpkg.com/govuk-frontend/-/govuk-frontend-3.15.0.tgz#47c9cc41c8100ee28bc3aaf9a29a0c62d88070c9"
  integrity sha512-kInDei8hrkMcrW7yC2EwhbSNBOBBPTdLxIDAye2G7KNrD9cyvNAfd0KchrfP/nWBOzu67ANoz2rtoRDLWiBN2w==

preact@^8.3.1:
  version "8.3.1"
  resolved "https://registry.npmjs.org/preact/-/preact-8.3.1.tgz"
  integrity sha512-s8H1Y8O9e+mOBo3UP1jvWqArPmjCba2lrrGLlq/0kN1XuIINUbYtf97iiXKxCuG3eYwmppPKnyW2DBrNj/TuTg==
